
Microsoft Visual Studio Solution File, Format Version 12.00
# Visual Studio Version 17
VisualStudioVersion = 17.3.32519.111
MinimumVisualStudioVersion = 10.0.40219.1
Project("{9A19103F-16F7-4668-BE54-9A1E7A4F7556}") = "JobHub.Api", "JobHub.Api\JobHub.Api.csproj", "{54209ADA-26C2-41BA-83DD-FF85326F93F8}"
EndProject
Project("{9A19103F-16F7-4668-BE54-9A1E7A4F7556}") = "JobHub.Application", "JobHub.Application\JobHub.Application.csproj", "{7CDAE17C-3857-4B19-8306-9A45DFC501ED}"
EndProject
Project("{9A19103F-16F7-4668-BE54-9A1E7A4F7556}") = "JobHub.Domain", "JobHub.Domain\JobHub.Domain.csproj", "{8826FD2A-1456-4C78-8A99-05D8950B90F8}"
EndProject
Project("{9A19103F-16F7-4668-BE54-9A1E7A4F7556}") = "JobHub.Infrastructure", "JobHub.Infrastructure\JobHub.Infrastructure.csproj", "{07396E61-0E24-4D9D-A47E-04971F6BE419}"
EndProject
Project("{9A19103F-16F7-4668-BE54-9A1E7A4F7556}") = "HobHub.Shared", "HobHub.Shared\HobHub.Shared.csproj", "{3A727838-C3E4-4821-9074-E18D24DF366A}"
EndProject
Project("{FAE04EC0-301F-11D3-BF4B-00C04F79EFBC}") = "JobHub.Tests", "JobHub.Tests\JobHub.Tests.csproj", "{52DF243B-1352-480F-9323-86DF94DBD7C4}"
EndProject
Global
	GlobalSection(SolutionConfigurationPlatforms) = preSolution
		Debug|Any CPU = Debug|Any CPU
		Release|Any CPU = Release|Any CPU
	EndGlobalSection
	GlobalSection(ProjectConfigurationPlatforms) = postSolution
		{54209ADA-26C2-41BA-83DD-FF85326F93F8}.Debug|Any CPU.ActiveCfg = Debug|Any CPU
		{54209ADA-26C2-41BA-83DD-FF85326F93F8}.Debug|Any CPU.Build.0 = Debug|Any CPU
		{54209ADA-26C2-41BA-83DD-FF85326F93F8}.Release|Any CPU.ActiveCfg = Release|Any CPU
		{54209ADA-26C2-41BA-83DD-FF85326F93F8}.Release|Any CPU.Build.0 = Release|Any CPU
		{7CDAE17C-3857-4B19-8306-9A45DFC501ED}.Debug|Any CPU.ActiveCfg = Debug|Any CPU
		{7CDAE17C-3857-4B19-8306-9A45DFC501ED}.Debug|Any CPU.Build.0 = Debug|Any CPU
		{7CDAE17C-3857-4B19-8306-9A45DFC501ED}.Release|Any CPU.ActiveCfg = Release|Any CPU
		{7CDAE17C-3857-4B19-8306-9A45DFC501ED}.Release|Any CPU.Build.0 = Release|Any CPU
		{8826FD2A-1456-4C78-8A99-05D8950B90F8}.Debug|Any CPU.ActiveCfg = Debug|Any CPU
		{8826FD2A-1456-4C78-8A99-05D8950B90F8}.Debug|Any CPU.Build.0 = Debug|Any CPU
		{8826FD2A-1456-4C78-8A99-05D8950B90F8}.Release|Any CPU.ActiveCfg = Release|Any CPU
		{8826FD2A-1456-4C78-8A99-05D8950B90F8}.Release|Any CPU.Build.0 = Release|Any CPU
		{07396E61-0E24-4D9D-A47E-04971F6BE419}.Debug|Any CPU.ActiveCfg = Debug|Any CPU
		{07396E61-0E24-4D9D-A47E-04971F6BE419}.Debug|Any CPU.Build.0 = Debug|Any CPU
		{07396E61-0E24-4D9D-A47E-04971F6BE419}.Release|Any CPU.ActiveCfg = Release|Any CPU
		{07396E61-0E24-4D9D-A47E-04971F6BE419}.Release|Any CPU.Build.0 = Release|Any CPU
		{3A727838-C3E4-4821-9074-E18D24DF366A}.Debug|Any CPU.ActiveCfg = Debug|Any CPU
		{3A727838-C3E4-4821-9074-E18D24DF366A}.Debug|Any CPU.Build.0 = Debug|Any CPU
		{3A727838-C3E4-4821-9074-E18D24DF366A}.Release|Any CPU.ActiveCfg = Release|Any CPU
		{3A727838-C3E4-4821-9074-E18D24DF366A}.Release|Any CPU.Build.0 = Release|Any CPU
		{52DF243B-1352-480F-9323-86DF94DBD7C4}.Debug|Any CPU.ActiveCfg = Debug|Any CPU
		{52DF243B-1352-480F-9323-86DF94DBD7C4}.Debug|Any CPU.Build.0 = Debug|Any CPU
		{52DF243B-1352-480F-9323-86DF94DBD7C4}.Release|Any CPU.ActiveCfg = Release|Any CPU
		{52DF243B-1352-480F-9323-86DF94DBD7C4}.Release|Any CPU.Build.0 = Release|Any CPU
	EndGlobalSection
	GlobalSection(SolutionProperties) = preSolution
		HideSolutionNode = FALSE
	EndGlobalSection
	GlobalSection(ExtensibilityGlobals) = postSolution
		SolutionGuid = {4039D31B-D1C2-42C0-805C-37EFC92B81A6}
	EndGlobalSection
EndGlobal
